lockfileVersion: '9.0'

settings:
  autoInstallPeers: true
  excludeLinksFromLockfile: false

importers:

  .:
    dependencies:
      '@symbiotejs/symbiote':
        specifier: 3.8.0-webmcp.2
        version: 3.8.0-webmcp.2(linkedom@0.18.13)
      ws:
        specifier: ^8.21.0
        version: 8.22.0
    devDependencies:
      es-module-lexer:
        specifier: 1.7.0
        version: 1.7.0
      esbuild:
        specifier: 0.25.12
        version: 0.25.12
      jsda-kit:
        specifier: 1.6.0
        version: 1.6.0
      library-pages:
        specifier: 0.1.0-alpha.13
        version: 0.1.0-alpha.13
      linkedom:
        specifier: ^0.18.12
        version: 0.18.13
      marked:
        specifier: 18.0.6
        version: 18.0.6
      mime:
        specifier: 4.1.0
        version: 4.1.0
      playwright:
        specifier: 1.61.0
        version: 1.61.0
      symbiote-engine:
        specifier: 0.3.0-alpha.13
        version: 0.3.0-alpha.13(ws@8.22.0)
      symbiote-ui:
        specifier: 0.3.0-alpha.71
        version: 0.3.0-alpha.71(@symbiotejs/symbiote@3.8.0-webmcp.2(linkedom@0.18.13))(ws@8.22.0)
      symbiote-ui-docs:
        specifier: npm:symbiote-ui@^0.3.0-alpha.67
        version: symbiote-ui@0.3.0-alpha.71(@symbiotejs/symbiote@3.8.0-webmcp.2(linkedom@0.18.13))(ws@8.22.0)

packages:

  '@ampproject/remapping@2.3.0':
    resolution: {integrity: sha512-30iZtAPgz+LTIYoeivqYo853f02jBYSd5uGnGpkFV0M3xOt9aN73erkgYAmZU43x4VfqcnLxW9Kpg3R5LC4YYw==}
    engines: {node: '>=6.0.0'}

  '@esbuild/aix-ppc64@0.25.12':
    resolution: {integrity: sha512-Hhmwd6CInZ3dwpuGTF8fJG6yoWmsToE+vYgD4nytZVxcu1ulHpUQRAB1UJ8+N1Am3Mz4+xOByoQoSZf4D+CpkA==}
    engines: {node: '>=18'}
    cpu: [ppc64]
    os: [aix]

  '@esbuild/android-arm64@0.25.12':
    resolution: {integrity: sha512-6AAmLG7zwD1Z159jCKPvAxZd4y/VTO0VkprYy+3N2FtJ8+BQWFXU+OxARIwA46c5tdD9SsKGZ/1ocqBS/gAKHg==}
    engines: {node: '>=18'}
    cpu: [arm64]
    os: [android]

  '@esbuild/android-arm@0.25.12':
    resolution: {integrity: sha512-VJ+sKvNA/GE7Ccacc9Cha7bpS8nyzVv0jdVgwNDaR4gDMC/2TTRc33Ip8qrNYUcpkOHUT5OZ0bUcNNVZQ9RLlg==}
    engines: {node: '>=18'}
    cpu: [arm]
    os: [android]

  '@esbuild/android-x64@0.25.12':
    resolution: {integrity: sha512-5jbb+2hhDHx5phYR2By8GTWEzn6I9UqR11Kwf22iKbNpYrsmRB18aX/9ivc5cabcUiAT/wM+YIZ6SG9QO6a8kg==}
    engines: {node: '>=18'}
    cpu: [x64]
    os: [android]

  '@esbuild/darwin-arm64@0.25.12':
    resolution: {integrity: sha512-N3zl+lxHCifgIlcMUP5016ESkeQjLj/959RxxNYIthIg+CQHInujFuXeWbWMgnTo4cp5XVHqFPmpyu9J65C1Yg==}
    engines: {node: '>=18'}
    cpu: [arm64]
    os: [darwin]

  '@esbuild/darwin-x64@0.25.12':
    resolution: {integrity: sha512-HQ9ka4Kx21qHXwtlTUVbKJOAnmG1ipXhdWTmNXiPzPfWKpXqASVcWdnf2bnL73wgjNrFXAa3yYvBSd9pzfEIpA==}
    engines: {node: '>=18'}
    cpu: [x64]
    os: [darwin]

  '@esbuild/freebsd-arm64@0.25.12':
    resolution: {integrity: sha512-gA0Bx759+7Jve03K1S0vkOu5Lg/85dou3EseOGUes8flVOGxbhDDh/iZaoek11Y8mtyKPGF3vP8XhnkDEAmzeg==}
    engines: {node: '>=18'}
    cpu: [arm64]
    os: [freebsd]

  '@esbuild/freebsd-x64@0.25.12':
    resolution: {integrity: sha512-TGbO26Yw2xsHzxtbVFGEXBFH0FRAP7gtcPE7P5yP7wGy7cXK2oO7RyOhL5NLiqTlBh47XhmIUXuGciXEqYFfBQ==}
    engines: {node: '>=18'}
    cpu: [x64]
    os: [freebsd]

  '@esbuild/linux-arm64@0.25.12':
    resolution: {integrity: sha512-8bwX7a8FghIgrupcxb4aUmYDLp8pX06rGh5HqDT7bB+8Rdells6mHvrFHHW2JAOPZUbnjUpKTLg6ECyzvas2AQ==}
    engines: {node: '>=18'}
    cpu: [arm64]
    os: [linux]

  '@esbuild/linux-arm@0.25.12':
    resolution: {integrity: sha512-lPDGyC1JPDou8kGcywY0YILzWlhhnRjdof3UlcoqYmS9El818LLfJJc3PXXgZHrHCAKs/Z2SeZtDJr5MrkxtOw==}
    engines: {node: '>=18'}
    cpu: [arm]
    os: [linux]

  '@esbuild/linux-ia32@0.25.12':
    resolution: {integrity: sha512-0y9KrdVnbMM2/vG8KfU0byhUN+EFCny9+8g202gYqSSVMonbsCfLjUO+rCci7pM0WBEtz+oK/PIwHkzxkyharA==}
    engines: {node: '>=18'}
    cpu: [ia32]
    os: [linux]

  '@esbuild/linux-loong64@0.25.12':
    resolution: {integrity: sha512-h///Lr5a9rib/v1GGqXVGzjL4TMvVTv+s1DPoxQdz7l/AYv6LDSxdIwzxkrPW438oUXiDtwM10o9PmwS/6Z0Ng==}
    engines: {node: '>=18'}
    cpu: [loong64]
    os: [linux]

  '@esbuild/linux-mips64el@0.25.12':
    resolution: {integrity: sha512-iyRrM1Pzy9GFMDLsXn1iHUm18nhKnNMWscjmp4+hpafcZjrr2WbT//d20xaGljXDBYHqRcl8HnxbX6uaA/eGVw==}
    engines: {node: '>=18'}
    cpu: [mips64el]
    os: [linux]

  '@esbuild/linux-ppc64@0.25.12':
    resolution: {integrity: sha512-9meM/lRXxMi5PSUqEXRCtVjEZBGwB7P/D4yT8UG/mwIdze2aV4Vo6U5gD3+RsoHXKkHCfSxZKzmDssVlRj1QQA==}
    engines: {node: '>=18'}
    cpu: [ppc64]
    os: [linux]

  '@esbuild/linux-riscv64@0.25.12':
    resolution: {integrity: sha512-Zr7KR4hgKUpWAwb1f3o5ygT04MzqVrGEGXGLnj15YQDJErYu/BGg+wmFlIDOdJp0PmB0lLvxFIOXZgFRrdjR0w==}
    engines: {node: '>=18'}
    cpu: [riscv64]
    os: [linux]

  '@esbuild/linux-s390x@0.25.12':
    resolution: {integrity: sha512-MsKncOcgTNvdtiISc/jZs/Zf8d0cl/t3gYWX8J9ubBnVOwlk65UIEEvgBORTiljloIWnBzLs4qhzPkJcitIzIg==}
    engines: {node: '>=18'}
    cpu: [s390x]
    os: [linux]

  '@esbuild/linux-x64@0.25.12':
    resolution: {integrity: sha512-uqZMTLr/zR/ed4jIGnwSLkaHmPjOjJvnm6TVVitAa08SLS9Z0VM8wIRx7gWbJB5/J54YuIMInDquWyYvQLZkgw==}
    engines: {node: '>=18'}
    cpu: [x64]
    os: [linux]

  '@esbuild/netbsd-arm64@0.25.12':
    resolution: {integrity: sha512-xXwcTq4GhRM7J9A8Gv5boanHhRa/Q9KLVmcyXHCTaM4wKfIpWkdXiMog/KsnxzJ0A1+nD+zoecuzqPmCRyBGjg==}
    engines: {node: '>=18'}
    cpu: [arm64]
    os: [netbsd]

  '@esbuild/netbsd-x64@0.25.12':
    resolution: {integrity: sha512-Ld5pTlzPy3YwGec4OuHh1aCVCRvOXdH8DgRjfDy/oumVovmuSzWfnSJg+VtakB9Cm0gxNO9BzWkj6mtO1FMXkQ==}
    engines: {node: '>=18'}
    cpu: [x64]
    os: [netbsd]

  '@esbuild/openbsd-arm64@0.25.12':
    resolution: {integrity: sha512-fF96T6KsBo/pkQI950FARU9apGNTSlZGsv1jZBAlcLL1MLjLNIWPBkj5NlSz8aAzYKg+eNqknrUJ24QBybeR5A==}
    engines: {node: '>=18'}
    cpu: [arm64]
    os: [openbsd]

  '@esbuild/openbsd-x64@0.25.12':
    resolution: {integrity: sha512-MZyXUkZHjQxUvzK7rN8DJ3SRmrVrke8ZyRusHlP+kuwqTcfWLyqMOE3sScPPyeIXN/mDJIfGXvcMqCgYKekoQw==}
    engines: {node: '>=18'}
    cpu: [x64]
    os: [openbsd]

  '@esbuild/openharmony-arm64@0.25.12':
    resolution: {integrity: sha512-rm0YWsqUSRrjncSXGA7Zv78Nbnw4XL6/dzr20cyrQf7ZmRcsovpcRBdhD43Nuk3y7XIoW2OxMVvwuRvk9XdASg==}
    engines: {node: '>=18'}
    cpu: [arm64]
    os: [openharmony]

  '@esbuild/sunos-x64@0.25.12':
    resolution: {integrity: sha512-3wGSCDyuTHQUzt0nV7bocDy72r2lI33QL3gkDNGkod22EsYl04sMf0qLb8luNKTOmgF/eDEDP5BFNwoBKH441w==}
    engines: {node: '>=18'}
    cpu: [x64]
    os: [sunos]

  '@esbuild/win32-arm64@0.25.12':
    resolution: {integrity: sha512-rMmLrur64A7+DKlnSuwqUdRKyd3UE7oPJZmnljqEptesKM8wx9J8gx5u0+9Pq0fQQW8vqeKebwNXdfOyP+8Bsg==}
    engines: {node: '>=18'}
    cpu: [arm64]
    os: [win32]

  '@esbuild/win32-ia32@0.25.12':
    resolution: {integrity: sha512-HkqnmmBoCbCwxUKKNPBixiWDGCpQGVsrQfJoVGYLPT41XWF8lHuE5N6WhVia2n4o5QK5M4tYr21827fNhi4byQ==}
    engines: {node: '>=18'}
    cpu: [ia32]
    os: [win32]

  '@esbuild/win32-x64@0.25.12':
    resolution: {integrity: sha512-alJC0uCZpTFrSL0CCDjcgleBXPnCrEAhTBILpeAp7M/OFgoqtAetfBzX0xM00MUsVVPpVjlPuMbREqnZCXaTnA==}
    engines: {node: '>=18'}
    cpu: [x64]
    os: [win32]

  '@jridgewell/gen-mapping@0.3.13':
    resolution: {integrity: sha512-2kkt/7niJ6MgEPxF0bYdQ6etZaA+fQvDcLKckhy1yIQOzaoKjBBjSj63/aLVjYE3qhRt5dvM+uUyfCg6UKCBbA==}

  '@jridgewell/resolve-uri@3.1.2':
    resolution: {integrity: sha512-bRISgCIjP20/tbWSPWMEi54QVPRZExkuD9lJL+UIxUKtwVJA8wW1Trb1jMs1RFXo1CBTNZ/5hpC9QvmKWdopKw==}
    engines: {node: '>=6.0.0'}

  '@jridgewell/sourcemap-codec@1.6.0':
    resolution: {integrity: sha512-T7jf+5zgsZHwNJ4lvQ7/aezbyk0nNX+zJVWpmHA7VYsEx7a7qr5Rg5IbtJFqkgze5Y2sruq1RUY8Q837Od7iFw==}

  '@jridgewell/trace-mapping@0.3.31':
    resolution: {integrity: sha512-zzNR+SdQSDJzc8joaeP8QQoCQr8NuYx2dIIytl1QeBEZHJ9uW6hebsrYgbz8hJwUQao3TWCMtmfV8Nu1twOLAw==}

  '@minify-html/node-darwin-arm64@0.16.4':
    resolution: {integrity: sha512-9H8hcywDb8zo2jEJfaIAibgsKjMqE+XF7SyqTtJ5H8lVXHxffOkawH4TQtphf9V/x7zXeb/nByAvHe1orJ/RHA==}
    cpu: [arm64]
    os: [darwin]

  '@minify-html/node-darwin-x64@0.16.4':
    resolution: {integrity: sha512-P0Krf5nwXbccMrC7ragKAIVOENHFoVRQi+v/8k5pmfjrNlxgXGVILacG0FbUZXsH2Z2XaIo39HxuMf70L6wQlA==}
    cpu: [x64]
    os: [darwin]

  '@minify-html/node-linux-arm64@0.16.4':
    resolution: {integrity: sha512-GDRExKf7AmyAdBTdhMkMyzFhJu5VeyJTu0OnNH2ekp69JrhQTrrrt9UYqnjen+7qLIaZB/R8urDRAYNk0HZi5w==}
    cpu: [arm64]
    os: [linux]

  '@minify-html/node-linux-x64@0.16.4':
    resolution: {integrity: sha512-MS/gF1gxJoeHqEGcb1xoUIRv6gVin4cGJszgHPYSikzkK8Yg0p6rVOZdDAE4AAnp/NW0DYNq7fwYgw3igmppFw==}
    cpu: [x64]
    os: [linux]

  '@minify-html/node-win32-x64@0.16.4':
    resolution: {integrity: sha512-SCY7hzIqG1RclU0QzU2MlGtPOujPu6dvaPYqDvhAHpkvRXtX0hnyOrrfqf7GcBdDbASxV8LDlBWpY46JO2cjAA==}
    cpu: [x64]
    os: [win32]

  '@minify-html/node@0.16.4':
    resolution: {integrity: sha512-ykQgl6xcQQDE1shUExeObPSNwAf00DVUt/GrxdjiqFNCVGu7DXK9nuH29sNTyKKYnJJLZAi6OEib2bDfxW3udg==}
    engines: {node: '>= 8.6.0'}
    hasBin: true

  '@symbiotejs/symbiote@3.8.0-webmcp.2':
    resolution: {integrity: sha512-VQJuDCJ15LhUX60ByU2gVmMfzYtVip2ezGkOwa/Nlc/vgLl58f6WYOIs5NfYZSWJ104ElZiipouy/sYXA8mj+g==}
    peerDependencies:
      linkedom: '>=0.16.0'
    peerDependenciesMeta:
      linkedom:
        optional: true

  '@symbiotejs/symbiote@3.8.2':
    resolution: {integrity: sha512-L3r9zEBFs6rH11cQiEVA2smLGMcLLXO97rkWrHnGW9u9uWGb2wapWEDoMdoJsh4WnCQftsUjVl2hOnNMuY9Y1Q==}
    peerDependencies:
      linkedom: '>=0.16.0'
    peerDependenciesMeta:
      linkedom:
        optional: true

  '@types/estree@0.0.45':
    resolution: {integrity: sha512-jnqIUKDUqJbDIUxm0Uj7bnlMnRm1T/eZ9N+AVMqhPgzrba2GhGG5o/jCTwmdPK709nEZsGoMzXEDUjcXHa3W0g==}

  '@types/node@24.19.0':
    resolution: {integrity: sha512-zY+5tKxXdhGh1PYI0ac+7juvEu4OI6vWtVVoj5i2m42jxAY1U+zHGt6QCyOFwykdP62sM3MJ9stoYYUw5aCWew==}

  astray@1.1.1:
    resolution: {integrity: sha512-LizvbENqdc8tdvrms/YyYoTtlr43INJni4YZSFr8nNdfOgafi82Hcrfhjm0MdwLhRFBrDhRwtH/0fnntlESxsQ==}
    engines: {node: '>=8'}

  boolbase@2.0.0:
    resolution: {integrity: sha512-DkVaaQHymRhpYEYo9x1oo7Q7B0Y6KJUsjm3c9eTyFDby4MHLBTwZ6ZDWBel5zrYxj1WsZgC5oLpiz+93MluXeA==}
    engines: {node: '>=20.19.0'}

  css-select@7.0.0:
    resolution: {integrity: sha512-snmjEVXy+1LnwXdxhYvTMj1d9tOh4HxkA1YmoayVBeeyR2C14Pum7fcxJIm4SswYspVy866eYNwlH6xC3/VH5g==}
    engines: {node: '>=20.19.0'}

  css-what@8.0.0:
    resolution: {integrity: sha512-DH0Bqq3DNp5tdOReuNyAA+Ev4Y2GS5FMbZpeTLP6C4CDi0h5nL0BmUPChXw3o/qbHLDWHl49sbNqQVY7bMSDdw==}
    engines: {node: '>=20.19.0'}

  cssom@0.5.0:
    resolution: {integrity: sha512-iKuQcq+NdHqlAcwUY0o/HL69XQrUaQdMjmStJ8JFmUaiiQErlhrmuigkg/CU4E2J0IyUKUrMAgl36TvN67MqTw==}

  dom-serializer@2.0.0:
    resolution: {integrity: sha512-wIkAryiqt/nV5EQKqQpo3SToSOV9J0DnbJqwK7Wv/Trc92zIAYZ4FlMu+JPFW1DfGFt81ZTCGgDEabffXeLyJg==}

  dom-serializer@3.1.1:
    resolution: {integrity: sha512-4MEa38/QexBob6gFNwu+EGdWvhJ1OKuNwdYY3Y3NyeWDQfnGeDYQUDfIRzWu5B5gsv03so2Uxd28YC6zrsx3Lw==}
    engines: {node: '>=20.19.0'}

  domelementtype@2.3.0:
    resolution: {integrity: sha512-OLETBj6w0OsagBwdXnPdN0cnMfF9opN69co+7ZrbfPGrdpPVNBUj02spi6B1N7wChLQiPn4CSH/zJvXw56gmHw==}

  domelementtype@3.0.0:
    resolution: {integrity: sha512-umCQid3jKbDmVjx8jGaW7uUykm4DEUeyV21hPxNMo2nV955DhUThwqyOIDtreepP31hl84X7G5U9ZfsWvIB3Pg==}
    engines: {node: '>=20.19.0'}

  domhandler@5.0.3:
    resolution: {integrity: sha512-cgwlv/1iFQiFnU96XXgROh8xTeetsnJiDsTc7TYCLFd9+/WNkIqPTxiM/8pSd8VIrhXGTf1Ny1q1hquVqDJB5w==}
    engines: {node: '>= 4'}

  domhandler@6.0.1:
    resolution: {integrity: sha512-gYzvtM72ZtxQO0T048kd6HWSbbGCNOUwcnfQ01cqIJ4X2IYKFFHZ5mKvrQETcFXxsRObZulDaKmy//R7TPtsBg==}
    engines: {node: '>=20.19.0'}

  domutils@3.2.2:
    resolution: {integrity: sha512-6kZKyUajlDuqlHKVX1w7gyslj9MPIXzIFiz/rGu35uC1wMi+kMhQwGhl4lt9unC9Vb9INnY9Z3/ZA3+FhASLaw==}

  domutils@4.0.2:
    resolution: {integrity: sha512-qI4JLRKnSzqFqr7hAlS5xQDusBCjKSEG4t4+7aNrIQMHBcsC2TGEhuyABJdYkgSewL57PNLYEiibY2iPKhKpaA==}
    engines: {node: '>=20.19.0'}

  entities@4.5.0:
    resolution: {integrity: sha512-V0hjH4dGPh9Ao5p0MoRY6BVqtwCjhz6vI5LT8AJ55H+4g9/4vbHx1I54fS0XuclLhDHArPQCiMjDxjaL8fPxhw==}
    engines: {node: '>=0.12'}

  entities@7.0.1:
    resolution: {integrity: sha512-TWrgLOFUQTH994YUyl1yT4uyavY5nNB5muff+RtWaqNVCAK408b5ZnnbNAUEWLTCpum9w6arT70i1XdQ4UeOPA==}
    engines: {node: '>=0.12'}

  entities@8.1.0:
    resolution: {integrity: sha512-kxL7msIffSuh9aaFAMD7rxAIuTRMAHMeBtgHW2yUdWw732ZNh4MehkF2gdjvtdmikkaIP9bFDDJOPlsvm7avrA==}
    engines: {node: '>=20.19.0'}

  es-module-lexer@1.7.0:
    resolution: {integrity: sha512-jEQoCwk8hyb2AZziIOLhDqpm5+2ww5uIE6lkO/6jcOCusfk6LhMHpXXfBLXTZ7Ydyt0j4VoUQv6uGNYbdW+kBA==}

  esbuild-minify-templates@0.11.1:
    resolution: {integrity: sha512-Yum4Mk7/OFyYh2fFsgKjwvk4piOtkkzixf3TFzOAp+CXbcdkJlHHhxYhXcl2JD4E/rFtQefNV7fr5BBepPoGKQ==}
    engines: {node: '>= 12'}
    peerDependencies:
      esbuild: '>=0.13.0 <1.0.0'

  esbuild@0.25.12:
    resolution: {integrity: sha512-bbPBYYrtZbkt6Os6FiTLCTFxvq4tt3JKall1vRwshA3fdVztsLAatFaZobhkBC8/BrPetoa0oksYoKXoG4ryJg==}
    engines: {node: '>=18'}
    hasBin: true

  fsevents@2.3.2:
    resolution: {integrity: sha512-xiqMQR4xAeHTuB9uWm+fFRcIOgKBMiOBP+eXiyT7jsgVCq1bkVygt00oASowB7EdtpOHaaPgKt812P9ab+DDKA==}
    engines: {node: ^8.16.0 || ^10.6.0 || >=11.0.0}
    os: [darwin]

  highlight.js@11.12.0:
    resolution: {integrity: sha512-nbfWpyRMcMrPMmDwJB+dhX/eiaPKtc2RB+0QZskqJ3WjRA/FDS0e9hZrx8EC/lbEv8gXy98FcDbNa/dspAaJMg==}
    engines: {node: '>=12.0.0'}

  html-escaper@3.0.3:
    resolution: {integrity: sha512-RuMffC89BOWQoY0WKGpIhn5gX3iI54O6nRA0yC124NYVtzjmFWBIiFd8M0x+ZdX0P9R4lADg1mgP8C7PxGOWuQ==}

  htmlparser2@10.1.0:
    resolution: {integrity: sha512-VTZkM9GWRAtEpveh7MSF6SjjrpNVNNVJfFup7xTY3UpFtm67foy9HDVXneLtFVt4pMz5kZtgNcvCniNFb1hlEQ==}

  jsda-kit@1.6.0:
    resolution: {integrity: sha512-Mwmoj2hk56zrJM4f5CpZcQW64Q9sPajS9bRqkIGepUrVYdEn2MQTr9+SxAmUbN8lz/F6zNaX5jPTGp3VvInPsw==}
    engines: {node: '>=20'}
    hasBin: true
    peerDependencies:
      puppeteer: '>=22'
    peerDependenciesMeta:
      puppeteer:
        optional: true

  library-pages@0.1.0-alpha.13:
    resolution: {integrity: sha512-Sfm88mpxZAExWltrf7viENfkx15rt8YzlTbOSYdXiC3AttUf4ctivVE0qb4XOnhSVA9EZby83nigoDoUWBs/dg==}
    engines: {node: '>=18'}

  linkedom@0.18.13:
    resolution: {integrity: sha512-ES/o9qotMpzpN2MHs+Iq/JcVoOj8Fa5wiQYrTdFpvAnwXL0g66XHHUc9WUMk6nAlBtGsFQ24ne+SYnvnaQ2FSw==}
    engines: {node: '>=16'}
    peerDependencies:
      canvas: '>= 2'
    peerDependenciesMeta:
      canvas:
        optional: true

  magic-string@0.30.21:
    resolution: {integrity: sha512-vd2F4YUyEXKGcLHoq+TEyCjxueSeHnFxyyjNp80yg0XV4vUhnDer/lvvlqM/arB5bXQN5K2/3oinyCRyx8T2CQ==}

  marked-highlight@2.2.4:
    resolution: {integrity: sha512-PZxisNMJDduSjc0q6uvjsnqqHCXc9s0eyzxDO9sB1eNGJnd/H1/Fu+z6g/liC1dfJdFW4SftMwMlLvsBhUPrqQ==}
    peerDependencies:
      marked: '>=4 <19'

  marked@16.4.2:
    resolution: {integrity: sha512-TI3V8YYWvkVf3KJe1dRkpnjs68JUPyEa5vjKrp1XEEJUAOaQc+Qj+L1qWbPd0SJuAdQkFU0h73sXXqwDYxsiDA==}
    engines: {node: '>= 20'}
    hasBin: true

  marked@18.0.6:
    resolution: {integrity: sha512-MrV5puXBfuiy6wl6DLaq3BtIJQAJToAd5zt/ZKhRfGRAuFPALE7/4Y7jnxRQoEgK/pBgurGqLyAuRgZ2xOjr6w==}
    engines: {node: '>= 20'}
    hasBin: true

  meriyah@6.1.4:
    resolution: {integrity: sha512-Sz8FzjzI0kN13GK/6MVEsVzMZEPvOhnmmI1lU5+/1cGOiK3QUahntrNNtdVeihrO7t9JpoH75iMNXg6R6uWflQ==}
    engines: {node: '>=18.0.0'}

  mime@4.1.0:
    resolution: {integrity: sha512-X5ju04+cAzsojXKes0B/S4tcYtFAJ6tTMuSPBEn9CPGlrWr8Fiw7qYeLT0XyH80HSoAoqWCaz+MWKh22P7G1cw==}
    engines: {node: '>=16'}
    hasBin: true

  nth-check@3.0.1:
    resolution: {integrity: sha512-GX0gsdbGVCgnRgbeGaubfjpBXyYRWOOCVeYh08bSQvDZqxz5ndXs1OTfAt/h36G1xvI94YIspsI0sVFqAV9+RQ==}
    engines: {node: '>=20.19.0'}

  playwright-core@1.61.0:
    resolution: {integrity: sha512-caX7TrY3Ml6egyDX0WUcTHDxodl/b51y5wJOdCEA36QviK/s2g081hvmGs8eaE3DWb6NYZQ6BjO/QkNRPenoPA==}
    engines: {node: '>=18'}
    hasBin: true

  playwright@1.61.0:
    resolution: {integrity: sha512-Z+7BeeqQPRRzklHsVFP4KTGIyMxKUmfeRA4WisM6G3/XW6nwGeX6fX9qYaDa+CiUqpOkb2f6X3nar05R3kSuJQ==}
    engines: {node: '>=18'}
    hasBin: true

  symbiote-engine@0.3.0-alpha.13:
    resolution: {integrity: sha512-in4mXsxUwV+NmL26U/Lup6PnTBYHkKin5gwNCCvRKT5inlFnvYcZ4ry8hckz8gya6wBrZccu6mZtULCDhGc3zg==}
    engines: {node: '>=18.0.0'}
    hasBin: true
    peerDependencies:
      ws: '>=8.0.0'
    peerDependenciesMeta:
      ws:
        optional: true

  symbiote-ui@0.3.0-alpha.71:
    resolution: {integrity: sha512-hs8BAHEBfCrPJFqZkgdHyjOf7MCYaPgF8MPm/prsW/DWZ517XFzoQ9LJoGLMXdXQftlla7LjYN7Y6bcaaQCqFg==}
    engines: {node: '>=18.0.0'}
    hasBin: true
    peerDependencies:
      '@symbiotejs/symbiote': 3.8.0-webmcp.2

  uhyphen@0.2.0:
    resolution: {integrity: sha512-qz3o9CHXmJJPGBdqzab7qAYuW8kQGKNEuoHFYrBwV6hWIMcpAmxDLXojcHfFr9US1Pe6zUswEIJIbLI610fuqA==}

  undici-types@7.24.6:
    resolution: {integrity: sha512-WRNW+sJgj5OBN4/0JpHFqtqzhpbnV0GuB+OozA9gCL7a993SmU+1JBZCzLNxYsbMfIeDL+lTsphD5jN5N+n0zg==}

  ws@8.22.0:
    resolution: {integrity: sha512-Ydggc987+RO0AnWtZ/7Wq9FtNvcrL1b/RO0ud9mWjUPgDrsAAwQSF51sm2hm1XofbU/4jkpGEsLFsZZxU+1DOg==}
    engines: {node: '>=10.0.0'}
    peerDependencies:
      bufferutil: ^4.0.1
      utf-8-validate: '>=5.0.2'
    peerDependenciesMeta:
      bufferutil:
        optional: true
      utf-8-validate:
        optional: true

snapshots:

  '@ampproject/remapping@2.3.0':
    dependencies:
      '@jridgewell/gen-mapping': 0.3.13
      '@jridgewell/trace-mapping': 0.3.31

  '@esbuild/aix-ppc64@0.25.12':
    optional: true

  '@esbuild/android-arm64@0.25.12':
    optional: true

  '@esbuild/android-arm@0.25.12':
    optional: true

  '@esbuild/android-x64@0.25.12':
    optional: true

  '@esbuild/darwin-arm64@0.25.12':
    optional: true

  '@esbuild/darwin-x64@0.25.12':
    optional: true

  '@esbuild/freebsd-arm64@0.25.12':
    optional: true

  '@esbuild/freebsd-x64@0.25.12':
    optional: true

  '@esbuild/linux-arm64@0.25.12':
    optional: true

  '@esbuild/linux-arm@0.25.12':
    optional: true

  '@esbuild/linux-ia32@0.25.12':
    optional: true

  '@esbuild/linux-loong64@0.25.12':
    optional: true

  '@esbuild/linux-mips64el@0.25.12':
    optional: true

  '@esbuild/linux-ppc64@0.25.12':
    optional: true

  '@esbuild/linux-riscv64@0.25.12':
    optional: true

  '@esbuild/linux-s390x@0.25.12':
    optional: true

  '@esbuild/linux-x64@0.25.12':
    optional: true

  '@esbuild/netbsd-arm64@0.25.12':
    optional: true

  '@esbuild/netbsd-x64@0.25.12':
    optional: true

  '@esbuild/openbsd-arm64@0.25.12':
    optional: true

  '@esbuild/openbsd-x64@0.25.12':
    optional: true

  '@esbuild/openharmony-arm64@0.25.12':
    optional: true

  '@esbuild/sunos-x64@0.25.12':
    optional: true

  '@esbuild/win32-arm64@0.25.12':
    optional: true

  '@esbuild/win32-ia32@0.25.12':
    optional: true

  '@esbuild/win32-x64@0.25.12':
    optional: true

  '@jridgewell/gen-mapping@0.3.13':
    dependencies:
      '@jridgewell/sourcemap-codec': 1.6.0
      '@jridgewell/trace-mapping': 0.3.31

  '@jridgewell/resolve-uri@3.1.2': {}

  '@jridgewell/sourcemap-codec@1.6.0': {}

  '@jridgewell/trace-mapping@0.3.31':
    dependencies:
      '@jridgewell/resolve-uri': 3.1.2
      '@jridgewell/sourcemap-codec': 1.6.0

  '@minify-html/node-darwin-arm64@0.16.4':
    optional: true

  '@minify-html/node-darwin-x64@0.16.4':
    optional: true

  '@minify-html/node-linux-arm64@0.16.4':
    optional: true

  '@minify-html/node-linux-x64@0.16.4':
    optional: true

  '@minify-html/node-win32-x64@0.16.4':
    optional: true

  '@minify-html/node@0.16.4':
    optionalDependencies:
      '@minify-html/node-darwin-arm64': 0.16.4
      '@minify-html/node-darwin-x64': 0.16.4
      '@minify-html/node-linux-arm64': 0.16.4
      '@minify-html/node-linux-x64': 0.16.4
      '@minify-html/node-win32-x64': 0.16.4

  '@symbiotejs/symbiote@3.8.0-webmcp.2(linkedom@0.18.13)':
    optionalDependencies:
      linkedom: 0.18.13

  '@symbiotejs/symbiote@3.8.2(linkedom@0.18.13)':
    optionalDependencies:
      linkedom: 0.18.13

  '@types/estree@0.0.45':
    optional: true

  '@types/node@24.19.0':
    dependencies:
      undici-types: 7.24.6

  astray@1.1.1:
    optionalDependencies:
      '@types/estree': 0.0.45

  boolbase@2.0.0: {}

  css-select@7.0.0:
    dependencies:
      boolbase: 2.0.0
      css-what: 8.0.0
      domhandler: 6.0.1
      domutils: 4.0.2
      nth-check: 3.0.1

  css-what@8.0.0: {}

  cssom@0.5.0: {}

  dom-serializer@2.0.0:
    dependencies:
      domelementtype: 2.3.0
      domhandler: 5.0.3
      entities: 4.5.0

  dom-serializer@3.1.1:
    dependencies:
      domelementtype: 3.0.0
      domhandler: 6.0.1
      entities: 8.1.0

  domelementtype@2.3.0: {}

  domelementtype@3.0.0: {}

  domhandler@5.0.3:
    dependencies:
      domelementtype: 2.3.0

  domhandler@6.0.1:
    dependencies:
      domelementtype: 3.0.0

  domutils@3.2.2:
    dependencies:
      dom-serializer: 2.0.0
      domelementtype: 2.3.0
      domhandler: 5.0.3

  domutils@4.0.2:
    dependencies:
      dom-serializer: 3.1.1
      domelementtype: 3.0.0
      domhandler: 6.0.1

  entities@4.5.0: {}

  entities@7.0.1: {}

  entities@8.1.0: {}

  es-module-lexer@1.7.0: {}

  esbuild-minify-templates@0.11.1(esbuild@0.25.12):
    dependencies:
      '@ampproject/remapping': 2.3.0
      astray: 1.1.1
      esbuild: 0.25.12
      magic-string: 0.30.21
      meriyah: 6.1.4

  esbuild@0.25.12:
    optionalDependencies:
      '@esbuild/aix-ppc64': 0.25.12
      '@esbuild/android-arm': 0.25.12
      '@esbuild/android-arm64': 0.25.12
      '@esbuild/android-x64': 0.25.12
      '@esbuild/darwin-arm64': 0.25.12
      '@esbuild/darwin-x64': 0.25.12
      '@esbuild/freebsd-arm64': 0.25.12
      '@esbuild/freebsd-x64': 0.25.12
      '@esbuild/linux-arm': 0.25.12
      '@esbuild/linux-arm64': 0.25.12
      '@esbuild/linux-ia32': 0.25.12
      '@esbuild/linux-loong64': 0.25.12
      '@esbuild/linux-mips64el': 0.25.12
      '@esbuild/linux-ppc64': 0.25.12
      '@esbuild/linux-riscv64': 0.25.12
      '@esbuild/linux-s390x': 0.25.12
      '@esbuild/linux-x64': 0.25.12
      '@esbuild/netbsd-arm64': 0.25.12
      '@esbuild/netbsd-x64': 0.25.12
      '@esbuild/openbsd-arm64': 0.25.12
      '@esbuild/openbsd-x64': 0.25.12
      '@esbuild/openharmony-arm64': 0.25.12
      '@esbuild/sunos-x64': 0.25.12
      '@esbuild/win32-arm64': 0.25.12
      '@esbuild/win32-ia32': 0.25.12
      '@esbuild/win32-x64': 0.25.12

  fsevents@2.3.2:
    optional: true

  highlight.js@11.12.0: {}

  html-escaper@3.0.3: {}

  htmlparser2@10.1.0:
    dependencies:
      domelementtype: 2.3.0
      domhandler: 5.0.3
      domutils: 3.2.2
      entities: 7.0.1

  jsda-kit@1.6.0:
    dependencies:
      '@minify-html/node': 0.16.4
      '@symbiotejs/symbiote': 3.8.2(linkedom@0.18.13)
      '@types/node': 24.19.0
      esbuild: 0.25.12
      esbuild-minify-templates: 0.11.1(esbuild@0.25.12)
      highlight.js: 11.12.0
      linkedom: 0.18.13
      marked: 16.4.2
      marked-highlight: 2.2.4(marked@16.4.2)
    transitivePeerDependencies:
      - canvas

  library-pages@0.1.0-alpha.13: {}

  linkedom@0.18.13:
    dependencies:
      css-select: 7.0.0
      cssom: 0.5.0
      html-escaper: 3.0.3
      htmlparser2: 10.1.0
      uhyphen: 0.2.0

  magic-string@0.30.21:
    dependencies:
      '@jridgewell/sourcemap-codec': 1.6.0

  marked-highlight@2.2.4(marked@16.4.2):
    dependencies:
      marked: 16.4.2

  marked@16.4.2: {}

  marked@18.0.6: {}

  meriyah@6.1.4: {}

  mime@4.1.0: {}

  nth-check@3.0.1:
    dependencies:
      boolbase: 2.0.0

  playwright-core@1.61.0: {}

  playwright@1.61.0:
    dependencies:
      playwright-core: 1.61.0
    optionalDependencies:
      fsevents: 2.3.2

  symbiote-engine@0.3.0-alpha.13(ws@8.22.0):
    optionalDependencies:
      ws: 8.22.0

  symbiote-ui@0.3.0-alpha.71(@symbiotejs/symbiote@3.8.0-webmcp.2(linkedom@0.18.13))(ws@8.22.0):
    dependencies:
      '@symbiotejs/symbiote': 3.8.0-webmcp.2(linkedom@0.18.13)
      symbiote-engine: 0.3.0-alpha.13(ws@8.22.0)
    transitivePeerDependencies:
      - ws

  uhyphen@0.2.0: {}

  undici-types@7.24.6: {}

  ws@8.22.0: {}
